
Microsoft Visual Studio Solution File, Format Version 12.00
# Visual Studio 2012
Project("{FAE04EC0-301F-11D3-BF4B-00C04F79EFBC}") = "DataStructures", "DataStructures\DataStructures.csproj", "{21C78CE0-DFE4-4E53-BE2A-C59EEB83EFAA}"
EndProject
Global
	GlobalSection(SolutionConfigurationPlatforms) = preSolution
		Debug|Any CPU = Debug|Any CPU
		Release|Any CPU = Release|Any CPU
	EndGlobalSection
	GlobalSection(ProjectConfigurationPlatforms) = postSolution
		{21C78CE0-DFE4-4E53-BE2A-C59EEB83EFAA}.Debug|Any CPU.ActiveCfg = Debug|Any CPU
		{21C78CE0-DFE4-4E53-BE2A-C59EEB83EFAA}.Debug|Any CPU.Build.0 = Debug|Any CPU
		{21C78CE0-DFE4-4E53-BE2A-C59EEB83EFAA}.Release|Any CPU.ActiveCfg = Release|Any CPU
		{21C78CE0-DFE4-4E53-BE2A-C59EEB83EFAA}.Release|Any CPU.Build.0 = Release|Any CPU
	EndGlobalSection
	GlobalSection(SolutionProperties) = preSolution
		HideSolutionNode = FALSE
	EndGlobalSection
EndGlobal
